
Microsoft Visual Studio Solution File, Format Version 12.00
# Visual Studio Version 17
VisualStudioVersion = 17.10.35122.118
MinimumVisualStudioVersion = 10.0.40219.1
Project("{FAE04EC0-301F-11D3-BF4B-00C04F79EFBC}") = "L100 - Variables", "L100 - Variables\L100 - Variables.csproj", "{11A4A016-DC4F-4607-BAE8-327C8051F29E}"
EndProject
Project("{FAE04EC0-301F-11D3-BF4B-00C04F79EFBC}") = "L101 - If", "L101 - If\L101 - If.csproj", "{6784C9B7-9E41-4A2F-AFB5-888303343B87}"
EndProject
Project("{FAE04EC0-301F-11D3-BF4B-00C04F79EFBC}") = "L102 - Types and Conversions", "L102 - Types and Conversions\L102 - Types and Conversions.csproj", "{33EB9F92-9ADA-49E4-8033-7F7024E44172}"
EndProject
Project("{FAE04EC0-301F-11D3-BF4B-00C04F79EFBC}") = "L114 - Built-in functions", "L114 - Built-in functions\L114 - Built-in functions.csproj", "{539CE847-60E2-4872-A006-C5A5FE5444B8}"
EndProject
Project("{FAE04EC0-301F-11D3-BF4B-00C04F79EFBC}") = "L116 - Debugging", "L116 - Debugging\L116 - Debugging.csproj", "{AE281052-581F-437B-ACD0-FCA428AC697B}"
EndProject
Project("{FAE04EC0-301F-11D3-BF4B-00C04F79EFBC}") = "L116 - Arrays", "L116 - Arrays\L116 - Arrays.csproj", "{BFAD2C96-C1AB-42FC-B0E5-C5B4BDAD6D3B}"
EndProject
Project("{FAE04EC0-301F-11D3-BF4B-00C04F79EFBC}") = "L117 - Call Stack", "L117 - Call Stack\L117 - Call Stack.csproj", "{97E0C418-293C-4C5E-8763-8CDDE6976C4A}"
EndProject
Project("{FAE04EC0-301F-11D3-BF4B-00C04F79EFBC}") = "L123 - Functions", "L123 - Functions\L123 - Functions.csproj", "{06770060-5693-467A-93B6-CEA8808ABA8D}"
EndProject
Project("{FAE04EC0-301F-11D3-BF4B-00C04F79EFBC}") = "L124 - Structures", "L124 - Structures\L124 - Structures.csproj", "{41978967-E1DC-490E-8C81-EF3776C8F6BE}"
EndProject
Project("{FAE04EC0-301F-11D3-BF4B-00C04F79EFBC}") = "L124 - Reading Text Files", "L124 - Reading Text Files\L124 - Reading Text Files.csproj", "{429CC27C-FDDA-4BA4-B4C1-A284B633AE1C}"
EndProject
Project("{FAE04EC0-301F-11D3-BF4B-00C04F79EFBC}") = "L127 - Writing Text Files", "L127 - Writing Text Files\L127 - Writing Text Files.csproj", "{4B2BCE64-933A-43C7-8321-FDA0285DD0CD}"
EndProject
Project("{FAE04EC0-301F-11D3-BF4B-00C04F79EFBC}") = "L132 - Binary Files", "L132 - Binary Files\L132 - Binary Files.csproj", "{D5709D89-F6AE-4934-9D61-CE635AACCC96}"
EndProject
Project("{FAE04EC0-301F-11D3-BF4B-00C04F79EFBC}") = "L133 - Exceptions", "L133 - Exceptions\L133 - Exceptions.csproj", "{DD55F7E6-FCAE-4875-915D-3E219ADB59D4}"
EndProject
Project("{FAE04EC0-301F-11D3-BF4B-00C04F79EFBC}") = "L144 - 2D arrays", "L144 - 2D arrays\L144 - 2D arrays.csproj", "{8C3B4FBF-26B1-4CE8-AB3C-FA9A3286ED42}"
EndProject
Project("{FAE04EC0-301F-11D3-BF4B-00C04F79EFBC}") = "L149 - Classes and Objects", "L149 - Classes and Objects\L149 - Classes and Objects.csproj", "{02CE194D-2986-4D77-A430-88E6DAC51D12}"
EndProject
Project("{FAE04EC0-301F-11D3-BF4B-00C04F79EFBC}") = "L150 - Access Modifiers and Constructors", "L150 - Access Modifiers and Constructors\L150 - Access Modifiers and Constructors.csproj", "{4C85F629-6EC9-4635-BBA6-D6DF09CDC09B}"
EndProject
Project("{FAE04EC0-301F-11D3-BF4B-00C04F79EFBC}") = "Warships", "Warships\Warships.csproj", "{45D4DA1A-6431-4343-B200-866E064AA04E}"
EndProject
Project("{FAE04EC0-301F-11D3-BF4B-00C04F79EFBC}") = "L153 - Inheritance", "L153 - Inheritance\L153 - Inheritance.csproj", "{9501A6E3-16C7-4C23-98BE-F576A0B23B55}"
EndProject
Project("{FAE04EC0-301F-11D3-BF4B-00C04F79EFBC}") = "L155 - Searching", "L155 - Searching\L155 - Searching.csproj", "{678A4115-8412-4AF4-BE22-F13B6C9EB3D7}"
EndProject
Project("{FAE04EC0-301F-11D3-BF4B-00C04F79EFBC}") = "A120", "A120\A120.csproj", "{CBD30828-0804-49EE-886A-55A5EF96DEDE}"
EndProject
Project("{FAE04EC0-301F-11D3-BF4B-00C04F79EFBC}") = "L157 - Polymorphism", "L157 - Polymorphism\L157 - Polymorphism.csproj", "{938911B4-D1CC-4E9B-92D9-245E458F7054}"
EndProject
Project("{FAE04EC0-301F-11D3-BF4B-00C04F79EFBC}") = "L159 - Abstract Classes", "L159 - Abstract Classes\L159 - Abstract Classes.csproj", "{BA07C590-6A33-466B-8ECC-6FCCDA1771BE}"
EndProject
Project("{FAE04EC0-301F-11D3-BF4B-00C04F79EFBC}") = "L159 - Interfaces", "L159 - Interfaces\L159 - Interfaces.csproj", "{C30DE7E8-2BA1-41B5-A8CC-734DB70F522B}"
EndProject
Project("{FAE04EC0-301F-11D3-BF4B-00C04F79EFBC}") = "L162 - Recursion", "L162 - Recursion\L162 - Recursion.csproj", "{FD852D5D-87BD-4241-9981-2FEA4CA12EB7}"
EndProject
Project("{FAE04EC0-301F-11D3-BF4B-00C04F79EFBC}") = "L161 - Cs with SQL", "L161 - Cs with SQL\L161 - Cs with SQL.csproj", "{FF198EA2-8C6C-42CF-98A9-78CA8146C9F7}"
EndProject
Global
	GlobalSection(SolutionConfigurationPlatforms) = preSolution
		Debug|Any CPU = Debug|Any CPU
		Release|Any CPU = Release|Any CPU
	EndGlobalSection
	GlobalSection(ProjectConfigurationPlatforms) = postSolution
		{11A4A016-DC4F-4607-BAE8-327C8051F29E}.Debug|Any CPU.ActiveCfg = Debug|Any CPU
		{11A4A016-DC4F-4607-BAE8-327C8051F29E}.Debug|Any CPU.Build.0 = Debug|Any CPU
		{11A4A016-DC4F-4607-BAE8-327C8051F29E}.Release|Any CPU.ActiveCfg = Release|Any CPU
		{11A4A016-DC4F-4607-BAE8-327C8051F29E}.Release|Any CPU.Build.0 = Release|Any CPU
		{6784C9B7-9E41-4A2F-AFB5-888303343B87}.Debug|Any CPU.ActiveCfg = Debug|Any CPU
		{6784C9B7-9E41-4A2F-AFB5-888303343B87}.Debug|Any CPU.Build.0 = Debug|Any CPU
		{6784C9B7-9E41-4A2F-AFB5-888303343B87}.Release|Any CPU.ActiveCfg = Release|Any CPU
		{6784C9B7-9E41-4A2F-AFB5-888303343B87}.Release|Any CPU.Build.0 = Release|Any CPU
		{33EB9F92-9ADA-49E4-8033-7F7024E44172}.Debug|Any CPU.ActiveCfg = Debug|Any CPU
		{33EB9F92-9ADA-49E4-8033-7F7024E44172}.Debug|Any CPU.Build.0 = Debug|Any CPU
		{33EB9F92-9ADA-49E4-8033-7F7024E44172}.Release|Any CPU.ActiveCfg = Release|Any CPU
		{33EB9F92-9ADA-49E4-8033-7F7024E44172}.Release|Any CPU.Build.0 = Release|Any CPU
		{539CE847-60E2-4872-A006-C5A5FE5444B8}.Debug|Any CPU.ActiveCfg = Debug|Any CPU
		{539CE847-60E2-4872-A006-C5A5FE5444B8}.Debug|Any CPU.Build.0 = Debug|Any CPU
		{539CE847-60E2-4872-A006-C5A5FE5444B8}.Release|Any CPU.ActiveCfg = Release|Any CPU
		{539CE847-60E2-4872-A006-C5A5FE5444B8}.Release|Any CPU.Build.0 = Release|Any CPU
		{AE281052-581F-437B-ACD0-FCA428AC697B}.Debug|Any CPU.ActiveCfg = Debug|Any CPU
		{AE281052-581F-437B-ACD0-FCA428AC697B}.Debug|Any CPU.Build.0 = Debug|Any CPU
		{AE281052-581F-437B-ACD0-FCA428AC697B}.Release|Any CPU.ActiveCfg = Release|Any CPU
		{AE281052-581F-437B-ACD0-FCA428AC697B}.Release|Any CPU.Build.0 = Release|Any CPU
		{BFAD2C96-C1AB-42FC-B0E5-C5B4BDAD6D3B}.Debug|Any CPU.ActiveCfg = Debug|Any CPU
		{BFAD2C96-C1AB-42FC-B0E5-C5B4BDAD6D3B}.Debug|Any CPU.Build.0 = Debug|Any CPU
		{BFAD2C96-C1AB-42FC-B0E5-C5B4BDAD6D3B}.Release|Any CPU.ActiveCfg = Release|Any CPU
		{BFAD2C96-C1AB-42FC-B0E5-C5B4BDAD6D3B}.Release|Any CPU.Build.0 = Release|Any CPU
		{97E0C418-293C-4C5E-8763-8CDDE6976C4A}.Debug|Any CPU.ActiveCfg = Debug|Any CPU
		{97E0C418-293C-4C5E-8763-8CDDE6976C4A}.Debug|Any CPU.Build.0 = Debug|Any CPU
		{97E0C418-293C-4C5E-8763-8CDDE6976C4A}.Release|Any CPU.ActiveCfg = Release|Any CPU
		{97E0C418-293C-4C5E-8763-8CDDE6976C4A}.Release|Any CPU.Build.0 = Release|Any CPU
		{06770060-5693-467A-93B6-CEA8808ABA8D}.Debug|Any CPU.ActiveCfg = Debug|Any CPU
		{06770060-5693-467A-93B6-CEA8808ABA8D}.Debug|Any CPU.Build.0 = Debug|Any CPU
		{06770060-5693-467A-93B6-CEA8808ABA8D}.Release|Any CPU.ActiveCfg = Release|Any CPU
		{06770060-5693-467A-93B6-CEA8808ABA8D}.Release|Any CPU.Build.0 = Release|Any CPU
		{41978967-E1DC-490E-8C81-EF3776C8F6BE}.Debug|Any CPU.ActiveCfg = Debug|Any CPU
		{41978967-E1DC-490E-8C81-EF3776C8F6BE}.Debug|Any CPU.Build.0 = Debug|Any CPU
		{41978967-E1DC-490E-8C81-EF3776C8F6BE}.Release|Any CPU.ActiveCfg = Release|Any CPU
		{41978967-E1DC-490E-8C81-EF3776C8F6BE}.Release|Any CPU.Build.0 = Release|Any CPU
		{429CC27C-FDDA-4BA4-B4C1-A284B633AE1C}.Debug|Any CPU.ActiveCfg = Debug|Any CPU
		{429CC27C-FDDA-4BA4-B4C1-A284B633AE1C}.Debug|Any CPU.Build.0 = Debug|Any CPU
		{429CC27C-FDDA-4BA4-B4C1-A284B633AE1C}.Release|Any CPU.ActiveCfg = Release|Any CPU
		{429CC27C-FDDA-4BA4-B4C1-A284B633AE1C}.Release|Any CPU.Build.0 = Release|Any CPU
		{4B2BCE64-933A-43C7-8321-FDA0285DD0CD}.Debug|Any CPU.ActiveCfg = Debug|Any CPU
		{4B2BCE64-933A-43C7-8321-FDA0285DD0CD}.Debug|Any CPU.Build.0 = Debug|Any CPU
		{4B2BCE64-933A-43C7-8321-FDA0285DD0CD}.Release|Any CPU.ActiveCfg = Release|Any CPU
		{4B2BCE64-933A-43C7-8321-FDA0285DD0CD}.Release|Any CPU.Build.0 = Release|Any CPU
		{D5709D89-F6AE-4934-9D61-CE635AACCC96}.Debug|Any CPU.ActiveCfg = Debug|Any CPU
		{D5709D89-F6AE-4934-9D61-CE635AACCC96}.Debug|Any CPU.Build.0 = Debug|Any CPU
		{D5709D89-F6AE-4934-9D61-CE635AACCC96}.Release|Any CPU.ActiveCfg = Release|Any CPU
		{D5709D89-F6AE-4934-9D61-CE635AACCC96}.Release|Any CPU.Build.0 = Release|Any CPU
		{DD55F7E6-FCAE-4875-915D-3E219ADB59D4}.Debug|Any CPU.ActiveCfg = Debug|Any CPU
		{DD55F7E6-FCAE-4875-915D-3E219ADB59D4}.Debug|Any CPU.Build.0 = Debug|Any CPU
		{DD55F7E6-FCAE-4875-915D-3E219ADB59D4}.Release|Any CPU.ActiveCfg = Release|Any CPU
		{DD55F7E6-FCAE-4875-915D-3E219ADB59D4}.Release|Any CPU.Build.0 = Release|Any CPU
		{8C3B4FBF-26B1-4CE8-AB3C-FA9A3286ED42}.Debug|Any CPU.ActiveCfg = Debug|Any CPU
		{8C3B4FBF-26B1-4CE8-AB3C-FA9A3286ED42}.Debug|Any CPU.Build.0 = Debug|Any CPU
		{8C3B4FBF-26B1-4CE8-AB3C-FA9A3286ED42}.Release|Any CPU.ActiveCfg = Release|Any CPU
		{8C3B4FBF-26B1-4CE8-AB3C-FA9A3286ED42}.Release|Any CPU.Build.0 = Release|Any CPU
		{02CE194D-2986-4D77-A430-88E6DAC51D12}.Debug|Any CPU.ActiveCfg = Debug|Any CPU
		{02CE194D-2986-4D77-A430-88E6DAC51D12}.Debug|Any CPU.Build.0 = Debug|Any CPU
		{02CE194D-2986-4D77-A430-88E6DAC51D12}.Release|Any CPU.ActiveCfg = Release|Any CPU
		{02CE194D-2986-4D77-A430-88E6DAC51D12}.Release|Any CPU.Build.0 = Release|Any CPU
		{4C85F629-6EC9-4635-BBA6-D6DF09CDC09B}.Debug|Any CPU.ActiveCfg = Debug|Any CPU
		{4C85F629-6EC9-4635-BBA6-D6DF09CDC09B}.Debug|Any CPU.Build.0 = Debug|Any CPU
		{4C85F629-6EC9-4635-BBA6-D6DF09CDC09B}.Release|Any CPU.ActiveCfg = Release|Any CPU
		{4C85F629-6EC9-4635-BBA6-D6DF09CDC09B}.Release|Any CPU.Build.0 = Release|Any CPU
		{45D4DA1A-6431-4343-B200-866E064AA04E}.Debug|Any CPU.ActiveCfg = Debug|Any CPU
		{45D4DA1A-6431-4343-B200-866E064AA04E}.Debug|Any CPU.Build.0 = Debug|Any CPU
		{45D4DA1A-6431-4343-B200-866E064AA04E}.Release|Any CPU.ActiveCfg = Release|Any CPU
		{45D4DA1A-6431-4343-B200-866E064AA04E}.Release|Any CPU.Build.0 = Release|Any CPU
		{9501A6E3-16C7-4C23-98BE-F576A0B23B55}.Debug|Any CPU.ActiveCfg = Debug|Any CPU
		{9501A6E3-16C7-4C23-98BE-F576A0B23B55}.Debug|Any CPU.Build.0 = Debug|Any CPU
		{9501A6E3-16C7-4C23-98BE-F576A0B23B55}.Release|Any CPU.ActiveCfg = Release|Any CPU
		{9501A6E3-16C7-4C23-98BE-F576A0B23B55}.Release|Any CPU.Build.0 = Release|Any CPU
		{678A4115-8412-4AF4-BE22-F13B6C9EB3D7}.Debug|Any CPU.ActiveCfg = Debug|Any CPU
		{678A4115-8412-4AF4-BE22-F13B6C9EB3D7}.Debug|Any CPU.Build.0 = Debug|Any CPU
		{678A4115-8412-4AF4-BE22-F13B6C9EB3D7}.Release|Any CPU.ActiveCfg = Release|Any CPU
		{678A4115-8412-4AF4-BE22-F13B6C9EB3D7}.Release|Any CPU.Build.0 = Release|Any CPU
		{CBD30828-0804-49EE-886A-55A5EF96DEDE}.Debug|Any CPU.ActiveCfg = Debug|Any CPU
		{CBD30828-0804-49EE-886A-55A5EF96DEDE}.Debug|Any CPU.Build.0 = Debug|Any CPU
		{CBD30828-0804-49EE-886A-55A5EF96DEDE}.Release|Any CPU.ActiveCfg = Release|Any CPU
		{CBD30828-0804-49EE-886A-55A5EF96DEDE}.Release|Any CPU.Build.0 = Release|Any CPU
		{938911B4-D1CC-4E9B-92D9-245E458F7054}.Debug|Any CPU.ActiveCfg = Debug|Any CPU
		{938911B4-D1CC-4E9B-92D9-245E458F7054}.Debug|Any CPU.Build.0 = Debug|Any CPU
		{938911B4-D1CC-4E9B-92D9-245E458F7054}.Release|Any CPU.ActiveCfg = Release|Any CPU
		{938911B4-D1CC-4E9B-92D9-245E458F7054}.Release|Any CPU.Build.0 = Release|Any CPU
		{BA07C590-6A33-466B-8ECC-6FCCDA1771BE}.Debug|Any CPU.ActiveCfg = Debug|Any CPU
		{BA07C590-6A33-466B-8ECC-6FCCDA1771BE}.Debug|Any CPU.Build.0 = Debug|Any CPU
		{BA07C590-6A33-466B-8ECC-6FCCDA1771BE}.Release|Any CPU.ActiveCfg = Release|Any CPU
		{BA07C590-6A33-466B-8ECC-6FCCDA1771BE}.Release|Any CPU.Build.0 = Release|Any CPU
		{C30DE7E8-2BA1-41B5-A8CC-734DB70F522B}.Debug|Any CPU.ActiveCfg = Debug|Any CPU
		{C30DE7E8-2BA1-41B5-A8CC-734DB70F522B}.Debug|Any CPU.Build.0 = Debug|Any CPU
		{C30DE7E8-2BA1-41B5-A8CC-734DB70F522B}.Release|Any CPU.ActiveCfg = Release|Any CPU
		{C30DE7E8-2BA1-41B5-A8CC-734DB70F522B}.Release|Any CPU.Build.0 = Release|Any CPU
		{FD852D5D-87BD-4241-9981-2FEA4CA12EB7}.Debug|Any CPU.ActiveCfg = Debug|Any CPU
		{FD852D5D-87BD-4241-9981-2FEA4CA12EB7}.Debug|Any CPU.Build.0 = Debug|Any CPU
		{FD852D5D-87BD-4241-9981-2FEA4CA12EB7}.Release|Any CPU.ActiveCfg = Release|Any CPU
		{FD852D5D-87BD-4241-9981-2FEA4CA12EB7}.Release|Any CPU.Build.0 = Release|Any CPU
		{FF198EA2-8C6C-42CF-98A9-78CA8146C9F7}.Debug|Any CPU.ActiveCfg = Debug|Any CPU
		{FF198EA2-8C6C-42CF-98A9-78CA8146C9F7}.Debug|Any CPU.Build.0 = Debug|Any CPU
		{FF198EA2-8C6C-42CF-98A9-78CA8146C9F7}.Release|Any CPU.ActiveCfg = Release|Any CPU
		{FF198EA2-8C6C-42CF-98A9-78CA8146C9F7}.Release|Any CPU.Build.0 = Release|Any CPU
	EndGlobalSection
	GlobalSection(SolutionProperties) = preSolution
		HideSolutionNode = FALSE
	EndGlobalSection
	GlobalSection(ExtensibilityGlobals) = postSolution
		SolutionGuid = {5C371A8B-BAC4-4FAB-9363-C8040FF21E1D}
	EndGlobalSection
EndGlobal
