
Microsoft Visual Studio Solution File, Format Version 12.00
# Visual Studio Version 17
VisualStudioVersion = 17.10.35122.118
MinimumVisualStudioVersion = 10.0.40219.1
Project("{FAE04EC0-301F-11D3-BF4B-00C04F79EFBC}") = "L100 - Variables", "L100 - Variables\L100 - Variables.csproj", "{6EDC9A7D-3E0F-40DB-B3D5-055359EC47AB}"
EndProject
Project("{FAE04EC0-301F-11D3-BF4B-00C04F79EFBC}") = "L101 - If", "L101 - If\L101 - If.csproj", "{68C82A5D-D60E-4C1F-AD3E-1517F351AA7E}"
EndProject
Global
	GlobalSection(SolutionConfigurationPlatforms) = preSolution
		Debug|Any CPU = Debug|Any CPU
		Release|Any CPU = Release|Any CPU
	EndGlobalSection
	GlobalSection(ProjectConfigurationPlatforms) = postSolution
		{6EDC9A7D-3E0F-40DB-B3D5-055359EC47AB}.Debug|Any CPU.ActiveCfg = Debug|Any CPU
		{6EDC9A7D-3E0F-40DB-B3D5-055359EC47AB}.Debug|Any CPU.Build.0 = Debug|Any CPU
		{6EDC9A7D-3E0F-40DB-B3D5-055359EC47AB}.Release|Any CPU.ActiveCfg = Release|Any CPU
		{6EDC9A7D-3E0F-40DB-B3D5-055359EC47AB}.Release|Any CPU.Build.0 = Release|Any CPU
		{68C82A5D-D60E-4C1F-AD3E-1517F351AA7E}.Debug|Any CPU.ActiveCfg = Debug|Any CPU
		{68C82A5D-D60E-4C1F-AD3E-1517F351AA7E}.Debug|Any CPU.Build.0 = Debug|Any CPU
		{68C82A5D-D60E-4C1F-AD3E-1517F351AA7E}.Release|Any CPU.ActiveCfg = Release|Any CPU
		{68C82A5D-D60E-4C1F-AD3E-1517F351AA7E}.Release|Any CPU.Build.0 = Release|Any CPU
	EndGlobalSection
	GlobalSection(SolutionProperties) = preSolution
		HideSolutionNode = FALSE
	EndGlobalSection
	GlobalSection(ExtensibilityGlobals) = postSolution
		SolutionGuid = {EB42C4AD-95A6-4061-97E5-09F2C8A14A8A}
	EndGlobalSection
EndGlobal
