
Microsoft Visual Studio Solution File, Format Version 12.00
# Visual Studio Version 17
VisualStudioVersion = 17.10.35122.118
MinimumVisualStudioVersion = 10.0.40219.1
Project("{FAE04EC0-301F-11D3-BF4B-00C04F79EFBC}") = "L100 - Variables", "L100 - Variables\L100 - Variables.csproj", "{4F5BD58E-43AC-47A2-838F-2F3EF540C689}"
EndProject
Project("{FAE04EC0-301F-11D3-BF4B-00C04F79EFBC}") = "L101 - If", "L101 - If\L101 - If.csproj", "{45E55BA5-94A2-4754-8D9E-ECF92BFF6197}"
EndProject
Project("{FAE04EC0-301F-11D3-BF4B-00C04F79EFBC}") = "L102 - Data types", "L102 - Data types\L102 - Data types.csproj", "{A8AC9D0B-1C1A-4CB5-859D-A83991E92888}"
EndProject
Project("{FAE04EC0-301F-11D3-BF4B-00C04F79EFBC}") = "L114 - Built-in functions", "L114 - Built-in functions\L114 - Built-in functions.csproj", "{2ABAEBA8-9930-42D2-8FDF-46D953B912EA}"
EndProject
Project("{FAE04EC0-301F-11D3-BF4B-00C04F79EFBC}") = "L116 - Types of Errors", "L116 - Types of Errors\L116 - Types of Errors.csproj", "{C564C4E6-8718-46BC-955D-380F9B1DB54A}"
EndProject
Project("{FAE04EC0-301F-11D3-BF4B-00C04F79EFBC}") = "L116 - Arrays", "L116 - Arrays\L116 - Arrays.csproj", "{89FA8B5A-8F6C-4010-A7F6-4E1CE2FF1D85}"
EndProject
Project("{FAE04EC0-301F-11D3-BF4B-00C04F79EFBC}") = "L117 - Call stack and  Lists", "L117 - Call stack and  Lists\L117 - Call stack and  Lists.csproj", "{090E0ACC-8A55-4C1B-8583-594DB7D16410}"
EndProject
Project("{FAE04EC0-301F-11D3-BF4B-00C04F79EFBC}") = "L121 - Parallel Arrays", "L121 - Parallel Arrays\L121 - Parallel Arrays.csproj", "{36279C31-2438-4D90-A8EC-47243AA6AD99}"
EndProject
Project("{FAE04EC0-301F-11D3-BF4B-00C04F79EFBC}") = "L123 - Functions", "L123 - Functions\L123 - Functions.csproj", "{3C2ECC2D-D4ED-43F6-B7D5-658EE25085CE}"
EndProject
Project("{FAE04EC0-301F-11D3-BF4B-00C04F79EFBC}") = "L124 - Structures", "L124 - Structures\L124 - Structures.csproj", "{789CB0D4-39F5-4FE5-A235-BCB08E05761D}"
EndProject
Project("{FAE04EC0-301F-11D3-BF4B-00C04F79EFBC}") = "L124 - Reading Text Files", "L124 - Reading Text Files\L124 - Reading Text Files.csproj", "{F572DD39-36A3-42C6-8E65-9A4DBB6161B6}"
EndProject
Project("{FAE04EC0-301F-11D3-BF4B-00C04F79EFBC}") = "L126 - Writing Text Files", "L126 - Writing Text Files\L126 - Writing Text Files.csproj", "{45B1F6BD-764F-4CA9-94D2-BBA3F5D57457}"
EndProject
Project("{FAE04EC0-301F-11D3-BF4B-00C04F79EFBC}") = "L132 - Binary Files", "L132 - Binary Files\L132 - Binary Files.csproj", "{C8C005D9-CA13-42B6-8D50-9F057AE2880F}"
EndProject
Project("{FAE04EC0-301F-11D3-BF4B-00C04F79EFBC}") = "L133 - Exceptions", "L133 - Exceptions\L133 - Exceptions.csproj", "{00F07E34-49E6-430B-AE5F-02880526CBE9}"
EndProject
Project("{FAE04EC0-301F-11D3-BF4B-00C04F79EFBC}") = "L145 - Warships", "L145 - Warships\L145 - Warships.csproj", "{4636871A-2561-4E0C-9BB9-9A34F4D1958C}"
EndProject
Project("{FAE04EC0-301F-11D3-BF4B-00C04F79EFBC}") = "L144 - 2d Arrays", "L144 - 2d Arrays\L144 - 2d Arrays.csproj", "{33768A33-3CAB-46EA-92E8-B4BB325FCB71}"
EndProject
Project("{FAE04EC0-301F-11D3-BF4B-00C04F79EFBC}") = "L149 - Classes and Objects", "L149 - Classes and Objects\L149 - Classes and Objects.csproj", "{B0EFB102-F761-4785-BD16-2CDBA14426B8}"
EndProject
Project("{FAE04EC0-301F-11D3-BF4B-00C04F79EFBC}") = "L150 - Access Modifiers and Constructors", "L150 - Access Modifiers and Constructors\L150 - Access Modifiers and Constructors.csproj", "{3E13649B-133B-4F4F-ADBF-BB153CCA1A1A}"
EndProject
Project("{FAE04EC0-301F-11D3-BF4B-00C04F79EFBC}") = "L153 - Inheritance", "L153 - Inheritance\L153 - Inheritance.csproj", "{50C1D757-51CD-4F9E-878F-C647FDF90A75}"
EndProject
Global
	GlobalSection(SolutionConfigurationPlatforms) = preSolution
		Debug|Any CPU = Debug|Any CPU
		Release|Any CPU = Release|Any CPU
	EndGlobalSection
	GlobalSection(ProjectConfigurationPlatforms) = postSolution
		{4F5BD58E-43AC-47A2-838F-2F3EF540C689}.Debug|Any CPU.ActiveCfg = Debug|Any CPU
		{4F5BD58E-43AC-47A2-838F-2F3EF540C689}.Debug|Any CPU.Build.0 = Debug|Any CPU
		{4F5BD58E-43AC-47A2-838F-2F3EF540C689}.Release|Any CPU.ActiveCfg = Release|Any CPU
		{4F5BD58E-43AC-47A2-838F-2F3EF540C689}.Release|Any CPU.Build.0 = Release|Any CPU
		{45E55BA5-94A2-4754-8D9E-ECF92BFF6197}.Debug|Any CPU.ActiveCfg = Debug|Any CPU
		{45E55BA5-94A2-4754-8D9E-ECF92BFF6197}.Debug|Any CPU.Build.0 = Debug|Any CPU
		{45E55BA5-94A2-4754-8D9E-ECF92BFF6197}.Release|Any CPU.ActiveCfg = Release|Any CPU
		{45E55BA5-94A2-4754-8D9E-ECF92BFF6197}.Release|Any CPU.Build.0 = Release|Any CPU
		{A8AC9D0B-1C1A-4CB5-859D-A83991E92888}.Debug|Any CPU.ActiveCfg = Debug|Any CPU
		{A8AC9D0B-1C1A-4CB5-859D-A83991E92888}.Debug|Any CPU.Build.0 = Debug|Any CPU
		{A8AC9D0B-1C1A-4CB5-859D-A83991E92888}.Release|Any CPU.ActiveCfg = Release|Any CPU
		{A8AC9D0B-1C1A-4CB5-859D-A83991E92888}.Release|Any CPU.Build.0 = Release|Any CPU
		{2ABAEBA8-9930-42D2-8FDF-46D953B912EA}.Debug|Any CPU.ActiveCfg = Debug|Any CPU
		{2ABAEBA8-9930-42D2-8FDF-46D953B912EA}.Debug|Any CPU.Build.0 = Debug|Any CPU
		{2ABAEBA8-9930-42D2-8FDF-46D953B912EA}.Release|Any CPU.ActiveCfg = Release|Any CPU
		{2ABAEBA8-9930-42D2-8FDF-46D953B912EA}.Release|Any CPU.Build.0 = Release|Any CPU
		{C564C4E6-8718-46BC-955D-380F9B1DB54A}.Debug|Any CPU.ActiveCfg = Debug|Any CPU
		{C564C4E6-8718-46BC-955D-380F9B1DB54A}.Debug|Any CPU.Build.0 = Debug|Any CPU
		{C564C4E6-8718-46BC-955D-380F9B1DB54A}.Release|Any CPU.ActiveCfg = Release|Any CPU
		{C564C4E6-8718-46BC-955D-380F9B1DB54A}.Release|Any CPU.Build.0 = Release|Any CPU
		{89FA8B5A-8F6C-4010-A7F6-4E1CE2FF1D85}.Debug|Any CPU.ActiveCfg = Debug|Any CPU
		{89FA8B5A-8F6C-4010-A7F6-4E1CE2FF1D85}.Debug|Any CPU.Build.0 = Debug|Any CPU
		{89FA8B5A-8F6C-4010-A7F6-4E1CE2FF1D85}.Release|Any CPU.ActiveCfg = Release|Any CPU
		{89FA8B5A-8F6C-4010-A7F6-4E1CE2FF1D85}.Release|Any CPU.Build.0 = Release|Any CPU
		{090E0ACC-8A55-4C1B-8583-594DB7D16410}.Debug|Any CPU.ActiveCfg = Debug|Any CPU
		{090E0ACC-8A55-4C1B-8583-594DB7D16410}.Debug|Any CPU.Build.0 = Debug|Any CPU
		{090E0ACC-8A55-4C1B-8583-594DB7D16410}.Release|Any CPU.ActiveCfg = Release|Any CPU
		{090E0ACC-8A55-4C1B-8583-594DB7D16410}.Release|Any CPU.Build.0 = Release|Any CPU
		{36279C31-2438-4D90-A8EC-47243AA6AD99}.Debug|Any CPU.ActiveCfg = Debug|Any CPU
		{36279C31-2438-4D90-A8EC-47243AA6AD99}.Debug|Any CPU.Build.0 = Debug|Any CPU
		{36279C31-2438-4D90-A8EC-47243AA6AD99}.Release|Any CPU.ActiveCfg = Release|Any CPU
		{36279C31-2438-4D90-A8EC-47243AA6AD99}.Release|Any CPU.Build.0 = Release|Any CPU
		{3C2ECC2D-D4ED-43F6-B7D5-658EE25085CE}.Debug|Any CPU.ActiveCfg = Debug|Any CPU
		{3C2ECC2D-D4ED-43F6-B7D5-658EE25085CE}.Debug|Any CPU.Build.0 = Debug|Any CPU
		{3C2ECC2D-D4ED-43F6-B7D5-658EE25085CE}.Release|Any CPU.ActiveCfg = Release|Any CPU
		{3C2ECC2D-D4ED-43F6-B7D5-658EE25085CE}.Release|Any CPU.Build.0 = Release|Any CPU
		{789CB0D4-39F5-4FE5-A235-BCB08E05761D}.Debug|Any CPU.ActiveCfg = Debug|Any CPU
		{789CB0D4-39F5-4FE5-A235-BCB08E05761D}.Debug|Any CPU.Build.0 = Debug|Any CPU
		{789CB0D4-39F5-4FE5-A235-BCB08E05761D}.Release|Any CPU.ActiveCfg = Release|Any CPU
		{789CB0D4-39F5-4FE5-A235-BCB08E05761D}.Release|Any CPU.Build.0 = Release|Any CPU
		{F572DD39-36A3-42C6-8E65-9A4DBB6161B6}.Debug|Any CPU.ActiveCfg = Debug|Any CPU
		{F572DD39-36A3-42C6-8E65-9A4DBB6161B6}.Debug|Any CPU.Build.0 = Debug|Any CPU
		{F572DD39-36A3-42C6-8E65-9A4DBB6161B6}.Release|Any CPU.ActiveCfg = Release|Any CPU
		{F572DD39-36A3-42C6-8E65-9A4DBB6161B6}.Release|Any CPU.Build.0 = Release|Any CPU
		{45B1F6BD-764F-4CA9-94D2-BBA3F5D57457}.Debug|Any CPU.ActiveCfg = Debug|Any CPU
		{45B1F6BD-764F-4CA9-94D2-BBA3F5D57457}.Debug|Any CPU.Build.0 = Debug|Any CPU
		{45B1F6BD-764F-4CA9-94D2-BBA3F5D57457}.Release|Any CPU.ActiveCfg = Release|Any CPU
		{45B1F6BD-764F-4CA9-94D2-BBA3F5D57457}.Release|Any CPU.Build.0 = Release|Any CPU
		{C8C005D9-CA13-42B6-8D50-9F057AE2880F}.Debug|Any CPU.ActiveCfg = Debug|Any CPU
		{C8C005D9-CA13-42B6-8D50-9F057AE2880F}.Debug|Any CPU.Build.0 = Debug|Any CPU
		{C8C005D9-CA13-42B6-8D50-9F057AE2880F}.Release|Any CPU.ActiveCfg = Release|Any CPU
		{C8C005D9-CA13-42B6-8D50-9F057AE2880F}.Release|Any CPU.Build.0 = Release|Any CPU
		{00F07E34-49E6-430B-AE5F-02880526CBE9}.Debug|Any CPU.ActiveCfg = Debug|Any CPU
		{00F07E34-49E6-430B-AE5F-02880526CBE9}.Debug|Any CPU.Build.0 = Debug|Any CPU
		{00F07E34-49E6-430B-AE5F-02880526CBE9}.Release|Any CPU.ActiveCfg = Release|Any CPU
		{00F07E34-49E6-430B-AE5F-02880526CBE9}.Release|Any CPU.Build.0 = Release|Any CPU
		{4636871A-2561-4E0C-9BB9-9A34F4D1958C}.Debug|Any CPU.ActiveCfg = Debug|Any CPU
		{4636871A-2561-4E0C-9BB9-9A34F4D1958C}.Debug|Any CPU.Build.0 = Debug|Any CPU
		{4636871A-2561-4E0C-9BB9-9A34F4D1958C}.Release|Any CPU.ActiveCfg = Release|Any CPU
		{4636871A-2561-4E0C-9BB9-9A34F4D1958C}.Release|Any CPU.Build.0 = Release|Any CPU
		{33768A33-3CAB-46EA-92E8-B4BB325FCB71}.Debug|Any CPU.ActiveCfg = Debug|Any CPU
		{33768A33-3CAB-46EA-92E8-B4BB325FCB71}.Debug|Any CPU.Build.0 = Debug|Any CPU
		{33768A33-3CAB-46EA-92E8-B4BB325FCB71}.Release|Any CPU.ActiveCfg = Release|Any CPU
		{33768A33-3CAB-46EA-92E8-B4BB325FCB71}.Release|Any CPU.Build.0 = Release|Any CPU
		{B0EFB102-F761-4785-BD16-2CDBA14426B8}.Debug|Any CPU.ActiveCfg = Debug|Any CPU
		{B0EFB102-F761-4785-BD16-2CDBA14426B8}.Debug|Any CPU.Build.0 = Debug|Any CPU
		{B0EFB102-F761-4785-BD16-2CDBA14426B8}.Release|Any CPU.ActiveCfg = Release|Any CPU
		{B0EFB102-F761-4785-BD16-2CDBA14426B8}.Release|Any CPU.Build.0 = Release|Any CPU
		{3E13649B-133B-4F4F-ADBF-BB153CCA1A1A}.Debug|Any CPU.ActiveCfg = Debug|Any CPU
		{3E13649B-133B-4F4F-ADBF-BB153CCA1A1A}.Debug|Any CPU.Build.0 = Debug|Any CPU
		{3E13649B-133B-4F4F-ADBF-BB153CCA1A1A}.Release|Any CPU.ActiveCfg = Release|Any CPU
		{3E13649B-133B-4F4F-ADBF-BB153CCA1A1A}.Release|Any CPU.Build.0 = Release|Any CPU
		{50C1D757-51CD-4F9E-878F-C647FDF90A75}.Debug|Any CPU.ActiveCfg = Debug|Any CPU
		{50C1D757-51CD-4F9E-878F-C647FDF90A75}.Debug|Any CPU.Build.0 = Debug|Any CPU
		{50C1D757-51CD-4F9E-878F-C647FDF90A75}.Release|Any CPU.ActiveCfg = Release|Any CPU
		{50C1D757-51CD-4F9E-878F-C647FDF90A75}.Release|Any CPU.Build.0 = Release|Any CPU
	EndGlobalSection
	GlobalSection(SolutionProperties) = preSolution
		HideSolutionNode = FALSE
	EndGlobalSection
	GlobalSection(ExtensibilityGlobals) = postSolution
		SolutionGuid = {53BFC8D2-F2CD-419E-99B2-5028A21FB594}
	EndGlobalSection
EndGlobal
