
Microsoft Visual Studio Solution File, Format Version 12.00
# Visual Studio Version 17
VisualStudioVersion = 17.10.35122.118
MinimumVisualStudioVersion = 10.0.40219.1
Project("{FAE04EC0-301F-11D3-BF4B-00C04F79EFBC}") = "L100 - Variables", "L100 - Variables\L100 - Variables.csproj", "{4F5BD58E-43AC-47A2-838F-2F3EF540C689}"
EndProject
Project("{FAE04EC0-301F-11D3-BF4B-00C04F79EFBC}") = "L101 - If", "L101 - If\L101 - If.csproj", "{45E55BA5-94A2-4754-8D9E-ECF92BFF6197}"
EndProject
Project("{FAE04EC0-301F-11D3-BF4B-00C04F79EFBC}") = "L102 - Data types", "L102 - Data types\L102 - Data types.csproj", "{A8AC9D0B-1C1A-4CB5-859D-A83991E92888}"
EndProject
Global
	GlobalSection(SolutionConfigurationPlatforms) = preSolution
		Debug|Any CPU = Debug|Any CPU
		Release|Any CPU = Release|Any CPU
	EndGlobalSection
	GlobalSection(ProjectConfigurationPlatforms) = postSolution
		{4F5BD58E-43AC-47A2-838F-2F3EF540C689}.Debug|Any CPU.ActiveCfg = Debug|Any CPU
		{4F5BD58E-43AC-47A2-838F-2F3EF540C689}.Debug|Any CPU.Build.0 = Debug|Any CPU
		{4F5BD58E-43AC-47A2-838F-2F3EF540C689}.Release|Any CPU.ActiveCfg = Release|Any CPU
		{4F5BD58E-43AC-47A2-838F-2F3EF540C689}.Release|Any CPU.Build.0 = Release|Any CPU
		{45E55BA5-94A2-4754-8D9E-ECF92BFF6197}.Debug|Any CPU.ActiveCfg = Debug|Any CPU
		{45E55BA5-94A2-4754-8D9E-ECF92BFF6197}.Debug|Any CPU.Build.0 = Debug|Any CPU
		{45E55BA5-94A2-4754-8D9E-ECF92BFF6197}.Release|Any CPU.ActiveCfg = Release|Any CPU
		{45E55BA5-94A2-4754-8D9E-ECF92BFF6197}.Release|Any CPU.Build.0 = Release|Any CPU
		{A8AC9D0B-1C1A-4CB5-859D-A83991E92888}.Debug|Any CPU.ActiveCfg = Debug|Any CPU
		{A8AC9D0B-1C1A-4CB5-859D-A83991E92888}.Debug|Any CPU.Build.0 = Debug|Any CPU
		{A8AC9D0B-1C1A-4CB5-859D-A83991E92888}.Release|Any CPU.ActiveCfg = Release|Any CPU
		{A8AC9D0B-1C1A-4CB5-859D-A83991E92888}.Release|Any CPU.Build.0 = Release|Any CPU
	EndGlobalSection
	GlobalSection(SolutionProperties) = preSolution
		HideSolutionNode = FALSE
	EndGlobalSection
	GlobalSection(ExtensibilityGlobals) = postSolution
		SolutionGuid = {53BFC8D2-F2CD-419E-99B2-5028A21FB594}
	EndGlobalSection
EndGlobal
